// !$*UTF8*$!
{
	archiveVersion = 1;
	classes = {
	};
	objectVersion = 50;
	objects = {

/* Begin PBXBuildFile section */
		18A358D82350BEB80010B21F /* LogIn.swift in Sources */ = {isa = PBXBuildFile; fileRef = 18A358D72350BEB80010B21F /* LogIn.swift */; };
		18C010FC2343670B002BFE7D /* RegisterPageViewController.swift in Sources */ = {isa = PBXBuildFile; fileRef = 18C010FB2343670B002BFE7D /* RegisterPageViewController.swift */; };
		18E779452345F35F008C33D1 /* UITestConstants.swift in Sources */ = {isa = PBXBuildFile; fileRef = 18E779442345F35F008C33D1 /* UITestConstants.swift */; };
		4C0A967A2315311E008C884F /* AppDelegate.swift in Sources */ = {isa = PBXBuildFile; fileRef = 4C0A96792315311E008C884F /* AppDelegate.swift */; };
		4C0A967C2315311E008C884F /* ViewController.swift in Sources */ = {isa = PBXBuildFile; fileRef = 4C0A967B2315311E008C884F /* ViewController.swift */; };
		4C0A967F2315311E008C884F /* Main.storyboard in Resources */ = {isa = PBXBuildFile; fileRef = 4C0A967D2315311E008C884F /* Main.storyboard */; };
		4C0A96822315311E008C884F /* LoggingApp.xcdatamodeld in Sources */ = {isa = PBXBuildFile; fileRef = 4C0A96802315311E008C884F /* LoggingApp.xcdatamodeld */; };
		4C0A968423153120008C884F /* Assets.xcassets in Resources */ = {isa = PBXBuildFile; fileRef = 4C0A968323153120008C884F /* Assets.xcassets */; };
		4C0A968723153120008C884F /* LaunchScreen.storyboard in Resources */ = {isa = PBXBuildFile; fileRef = 4C0A968523153120008C884F /* LaunchScreen.storyboard */; };
		4C0A969223153120008C884F /* LoggingAppTests.swift in Sources */ = {isa = PBXBuildFile; fileRef = 4C0A969123153120008C884F /* LoggingAppTests.swift */; };
		4C0A969D23153120008C884F /* LoggingAppUITests.swift in Sources */ = {isa = PBXBuildFile; fileRef = 4C0A969C23153120008C884F /* LoggingAppUITests.swift */; };
/* End PBXBuildFile section */

/* Begin PBXContainerItemProxy section */
		4C0A968E23153120008C884F /* PBXContainerItemProxy */ = {
			isa = PBXContainerItemProxy;
			containerPortal = 4C0A966E2315311E008C884F /* Project object */;
			proxyType = 1;
			remoteGlobalIDString = 4C0A96752315311E008C884F;
			remoteInfo = LoggingApp;
		};
		4C0A969923153120008C884F /* PBXContainerItemProxy */ = {
			isa = PBXContainerItemProxy;
			containerPortal = 4C0A966E2315311E008C884F /* Project object */;
			proxyType = 1;
			remoteGlobalIDString = 4C0A96752315311E008C884F;
			remoteInfo = LoggingApp;
		};
/* End PBXContainerItemProxy section */

/* Begin PBXFileReference section */
		18A358D72350BEB80010B21F /* LogIn.swift */ = {isa = PBXFileReference; lastKnownFileType = sourcecode.swift; path = LogIn.swift; sourceTree = "<group>"; };
		18C010FB2343670B002BFE7D /* RegisterPageViewController.swift */ = {isa = PBXFileReference; lastKnownFileType = sourcecode.swift; path = RegisterPageViewController.swift; sourceTree = "<group>"; };
		18E779442345F35F008C33D1 /* UITestConstants.swift */ = {isa = PBXFileReference; lastKnownFileType = sourcecode.swift; path = UITestConstants.swift; sourceTree = "<group>"; };
		4C0A96762315311E008C884F /* LoggingApp.app */ = {isa = PBXFileReference; explicitFileType = wrapper.application; includeInIndex = 0; path = LoggingApp.app; sourceTree = BUILT_PRODUCTS_DIR; };
		4C0A96792315311E008C884F /* AppDelegate.swift */ = {isa = PBXFileReference; lastKnownFileType = sourcecode.swift; path = AppDelegate.swift; sourceTree = "<group>"; };
		4C0A967B2315311E008C884F /* ViewController.swift */ = {isa = PBXFileReference; lastKnownFileType = sourcecode.swift; path = ViewController.swift; sourceTree = "<group>"; };
		4C0A967E2315311E008C884F /* Base */ = {isa = PBXFileReference; lastKnownFileType = file.storyboard; name = Base; path = Base.lproj/Main.storyboard; sourceTree = "<group>"; };
		4C0A96812315311E008C884F /* LoggingApp.xcdatamodel */ = {isa = PBXFileReference; lastKnownFileType = wrapper.xcdatamodel; path = LoggingApp.xcdatamodel; sourceTree = "<group>"; };
		4C0A968323153120008C884F /* Assets.xcassets */ = {isa = PBXFileReference; lastKnownFileType = folder.assetcatalog; path = Assets.xcassets; sourceTree = "<group>"; };
		4C0A968623153120008C884F /* Base */ = {isa = PBXFileReference; lastKnownFileType = file.storyboard; name = Base; path = Base.lproj/LaunchScreen.storyboard; sourceTree = "<group>"; };
		4C0A968823153120008C884F /* Info.plist */ = {isa = PBXFileReference; lastKnownFileType = text.plist.xml; path = Info.plist; sourceTree = "<group>"; };
		4C0A968D23153120008C884F /* LoggingAppTests.xctest */ = {isa = PBXFileReference; explicitFileType = wrapper.cfbundle; includeInIndex = 0; path = LoggingAppTests.xctest; sourceTree = BUILT_PRODUCTS_DIR; };
		4C0A969123153120008C884F /* LoggingAppTests.swift */ = {isa = PBXFileReference; lastKnownFileType = sourcecode.swift; path = LoggingAppTests.swift; sourceTree = "<group>"; };
		4C0A969323153120008C884F /* Info.plist */ = {isa = PBXFileReference; lastKnownFileType = text.plist.xml; path = Info.plist; sourceTree = "<group>"; };
		4C0A969823153120008C884F /* LoggingAppUITests.xctest */ = {isa = PBXFileReference; explicitFileType = wrapper.cfbundle; includeInIndex = 0; path = LoggingAppUITests.xctest; sourceTree = BUILT_PRODUCTS_DIR; };
		4C0A969C23153120008C884F /* LoggingAppUITests.swift */ = {isa = PBXFileReference; lastKnownFileType = sourcecode.swift; path = LoggingAppUITests.swift; sourceTree = "<group>"; };
		4C0A969E23153120008C884F /* Info.plist */ = {isa = PBXFileReference; lastKnownFileType = text.plist.xml; path = Info.plist; sourceTree = "<group>"; };
/* End PBXFileReference section */

/* Begin PBXFrameworksBuildPhase section */
		4C0A96732315311E008C884F /* Frameworks */ = {
			isa = PBXFrameworksBuildPhase;
			buildActionMask = 2147483647;
			files = (
			);
			runOnlyForDeploymentPostprocessing = 0;
		};
		4C0A968A23153120008C884F /* Frameworks */ = {
			isa = PBXFrameworksBuildPhase;
			buildActionMask = 2147483647;
			files = (
			);
			runOnlyForDeploymentPostprocessing = 0;
		};
		4C0A969523153120008C884F /* Frameworks */ = {
			isa = PBXFrameworksBuildPhase;
			buildActionMask = 2147483647;
			files = (
			);
			runOnlyForDeploymentPostprocessing = 0;
		};
/* End PBXFrameworksBuildPhase section */

/* Begin PBXGroup section */
		18A358D42350BCE40010B21F /* SingIn */ = {
			isa = PBXGroup;
			children = (
				18A358D72350BEB80010B21F /* LogIn.swift */,
			);
			path = SingIn;
			sourceTree = "<group>";
		};
		4C0A966D2315311E008C884F = {
			isa = PBXGroup;
			children = (
				4C0A96782315311E008C884F /* LoggingApp */,
				4C0A969023153120008C884F /* LoggingAppTests */,
				4C0A969B23153120008C884F /* LoggingAppUITests */,
				4C0A96772315311E008C884F /* Products */,
			);
			sourceTree = "<group>";
		};
		4C0A96772315311E008C884F /* Products */ = {
			isa = PBXGroup;
			children = (
				4C0A96762315311E008C884F /* LoggingApp.app */,
				4C0A968D23153120008C884F /* LoggingAppTests.xctest */,
				4C0A969823153120008C884F /* LoggingAppUITests.xctest */,
			);
			name = Products;
			sourceTree = "<group>";
		};
		4C0A96782315311E008C884F /* LoggingApp */ = {
			isa = PBXGroup;
			children = (
				4C0A96792315311E008C884F /* AppDelegate.swift */,
				4C0A967B2315311E008C884F /* ViewController.swift */,
				4C0A967D2315311E008C884F /* Main.storyboard */,
				4C0A968323153120008C884F /* Assets.xcassets */,
				4C0A968523153120008C884F /* LaunchScreen.storyboard */,
				4C0A968823153120008C884F /* Info.plist */,
				4C0A96802315311E008C884F /* LoggingApp.xcdatamodeld */,
				18C010FB2343670B002BFE7D /* RegisterPageViewController.swift */,
			);
			path = LoggingApp;
			sourceTree = "<group>";
		};
		4C0A969023153120008C884F /* LoggingAppTests */ = {
			isa = PBXGroup;
			children = (
				4C0A969123153120008C884F /* LoggingAppTests.swift */,
				4C0A969323153120008C884F /* Info.plist */,
			);
			path = LoggingAppTests;
			sourceTree = "<group>";
		};
		4C0A969B23153120008C884F /* LoggingAppUITests */ = {
			isa = PBXGroup;
			children = (
				18A358D42350BCE40010B21F /* SingIn */,
				4C0A969C23153120008C884F /* LoggingAppUITests.swift */,
				18E779442345F35F008C33D1 /* UITestConstants.swift */,
				4C0A969E23153120008C884F /* Info.plist */,
			);
			path = LoggingAppUITests;
			sourceTree = "<group>";
		};
/* End PBXGroup section */

/* Begin PBXNativeTarget section */
		4C0A96752315311E008C884F /* LoggingApp */ = {
			isa = PBXNativeTarget;
			buildConfigurationList = 4C0A96A123153120008C884F /* Build configuration list for PBXNativeTarget "LoggingApp" */;
			buildPhases = (
				4C0A96722315311E008C884F /* Sources */,
				4C0A96732315311E008C884F /* Frameworks */,
				4C0A96742315311E008C884F /* Resources */,
			);
			buildRules = (
			);
			dependencies = (
			);
			name = LoggingApp;
			productName = LoggingApp;
			productReference = 4C0A96762315311E008C884F /* LoggingApp.app */;
			productType = "com.apple.product-type.application";
		};
		4C0A968C23153120008C884F /* LoggingAppTests */ = {
			isa = PBXNativeTarget;
			buildConfigurationList = 4C0A96A423153120008C884F /* Build configuration list for PBXNativeTarget "LoggingAppTests" */;
			buildPhases = (
				4C0A968923153120008C884F /* Sources */,
				4C0A968A23153120008C884F /* Frameworks */,
				4C0A968B23153120008C884F /* Resources */,
			);
			buildRules = (
			);
			dependencies = (
				4C0A968F23153120008C884F /* PBXTargetDependency */,
			);
			name = LoggingAppTests;
			productName = LoggingAppTests;
			productReference = 4C0A968D23153120008C884F /* LoggingAppTests.xctest */;
			productType = "com.apple.product-type.bundle.unit-test";
		};
		4C0A969723153120008C884F /* LoggingAppUITests */ = {
			isa = PBXNativeTarget;
			buildConfigurationList = 4C0A96A723153120008C884F /* Build configuration list for PBXNativeTarget "LoggingAppUITests" */;
			buildPhases = (
				4C0A969423153120008C884F /* Sources */,
				4C0A969523153120008C884F /* Frameworks */,
				4C0A969623153120008C884F /* Resources */,
			);
			buildRules = (
			);
			dependencies = (
				4C0A969A23153120008C884F /* PBXTargetDependency */,
			);
			name = LoggingAppUITests;
			productName = LoggingAppUITests;
			productReference = 4C0A969823153120008C884F /* LoggingAppUITests.xctest */;
			productType = "com.apple.product-type.bundle.ui-testing";
		};
/* End PBXNativeTarget section */

/* Begin PBXProject section */
		4C0A966E2315311E008C884F /* Project object */ = {
			isa = PBXProject;
			attributes = {
				LastSwiftUpdateCheck = 1020;
				LastUpgradeCheck = 1020;
				ORGANIZATIONNAME = "Zorana Djordjevic";
				TargetAttributes = {
					4C0A96752315311E008C884F = {
						CreatedOnToolsVersion = 10.2;
					};
					4C0A968C23153120008C884F = {
						CreatedOnToolsVersion = 10.2;
						TestTargetID = 4C0A96752315311E008C884F;
					};
					4C0A969723153120008C884F = {
						CreatedOnToolsVersion = 10.2;
						TestTargetID = 4C0A96752315311E008C884F;
					};
				};
			};
			buildConfigurationList = 4C0A96712315311E008C884F /* Build configuration list for PBXProject "LoggingApp" */;
			compatibilityVersion = "Xcode 9.3";
			developmentRegion = en;
			hasScannedForEncodings = 0;
			knownRegions = (
				en,
				Base,
			);
			mainGroup = 4C0A966D2315311E008C884F;
			productRefGroup = 4C0A96772315311E008C884F /* Products */;
			projectDirPath = "";
			projectRoot = "";
			targets = (
				4C0A96752315311E008C884F /* LoggingApp */,
				4C0A968C23153120008C884F /* LoggingAppTests */,
				4C0A969723153120008C884F /* LoggingAppUITests */,
			);
		};
/* End PBXProject section */

/* Begin PBXResourcesBuildPhase section */
		4C0A96742315311E008C884F /* Resources */ = {
			isa = PBXResourcesBuildPhase;
			buildActionMask = 2147483647;
			files = (
				4C0A968723153120008C884F /* LaunchScreen.storyboard in Resources */,
				4C0A968423153120008C884F /* Assets.xcassets in Resources */,
				4C0A967F2315311E008C884F /* Main.storyboard in Resources */,
			);
			runOnlyForDeploymentPostprocessing = 0;
		};
		4C0A968B23153120008C884F /* Resources */ = {
			isa = PBXResourcesBuildPhase;
			buildActionMask = 2147483647;
			files = (
			);
			runOnlyForDeploymentPostprocessing = 0;
		};
		4C0A969623153120008C884F /* Resources */ = {
			isa = PBXResourcesBuildPhase;
			buildActionMask = 2147483647;
			files = (
			);
			runOnlyForDeploymentPostprocessing = 0;
		};
/* End PBXResourcesBuildPhase section */

/* Begin PBXSourcesBuildPhase section */
		4C0A96722315311E008C884F /* Sources */ = {
			isa = PBXSourcesBuildPhase;
			buildActionMask = 2147483647;
			files = (
				18C010FC2343670B002BFE7D /* RegisterPageViewController.swift in Sources */,
				4C0A96822315311E008C884F /* LoggingApp.xcdatamodeld in Sources */,
				4C0A967C2315311E008C884F /* ViewController.swift in Sources */,
				4C0A967A2315311E008C884F /* AppDelegate.swift in Sources */,
			);
			runOnlyForDeploymentPostprocessing = 0;
		};
		4C0A968923153120008C884F /* Sources */ = {
			isa = PBXSourcesBuildPhase;
			buildActionMask = 2147483647;
			files = (
				4C0A969223153120008C884F /* LoggingAppTests.swift in Sources */,
			);
			runOnlyForDeploymentPostprocessing = 0;
		};
		4C0A969423153120008C884F /* Sources */ = {
			isa = PBXSourcesBuildPhase;
			buildActionMask = 2147483647;
			files = (
				4C0A969D23153120008C884F /* LoggingAppUITests.swift in Sources */,
				18A358D82350BEB80010B21F /* LogIn.swift in Sources */,
				18E779452345F35F008C33D1 /* UITestConstants.swift in Sources */,
			);
			runOnlyForDeploymentPostprocessing = 0;
		};
/* End PBXSourcesBuildPhase section */

/* Begin PBXTargetDependency section */
		4C0A968F23153120008C884F /* PBXTargetDependency */ = {
			isa = PBXTargetDependency;
			target = 4C0A96752315311E008C884F /* LoggingApp */;
			targetProxy = 4C0A968E23153120008C884F /* PBXContainerItemProxy */;
		};
		4C0A969A23153120008C884F /* PBXTargetDependency */ = {
			isa = PBXTargetDependency;
			target = 4C0A96752315311E008C884F /* LoggingApp */;
			targetProxy = 4C0A969923153120008C884F /* PBXContainerItemProxy */;
		};
/* End PBXTargetDependency section */

/* Begin PBXVariantGroup section */
		4C0A967D2315311E008C884F /* Main.storyboard */ = {
			isa = PBXVariantGroup;
			children = (
				4C0A967E2315311E008C884F /* Base */,
			);
			name = Main.storyboard;
			sourceTree = "<group>";
		};
		4C0A968523153120008C884F /* LaunchScreen.storyboard */ = {
			isa = PBXVariantGroup;
			children = (
				4C0A968623153120008C884F /* Base */,
			);
			name = LaunchScreen.storyboard;
			sourceTree = "<group>";
		};
/* End PBXVariantGroup section */

/* Begin XCBuildConfiguration section */
		4C0A969F23153120008C884F /* Debug */ = {
			isa = XCBuildConfiguration;
			buildSettings = {
				ALWAYS_SEARCH_USER_PATHS = NO;
				CLANG_ANALYZER_NONNULL = YES;
				CLANG_ANALYZER_NUMBER_OBJECT_CONVERSION = YES_AGGRESSIVE;
				CLANG_CXX_LANGUAGE_STANDARD = "gnu++14";
				CLANG_CXX_LIBRARY = "libc++";
				CLANG_ENABLE_MODULES = YES;
				CLANG_ENABLE_OBJC_ARC = YES;
				CLANG_ENABLE_OBJC_WEAK = YES;
				CLANG_WARN_BLOCK_CAPTURE_AUTORELEASING = YES;
				CLANG_WARN_BOOL_CONVERSION = YES;
				CLANG_WARN_COMMA = YES;
				CLANG_WARN_CONSTANT_CONVERSION = YES;
				CLANG_WARN_DEPRECATED_OBJC_IMPLEMENTATIONS = YES;
				CLANG_WARN_DIRECT_OBJC_ISA_USAGE = YES_ERROR;
				CLANG_WARN_DOCUMENTATION_COMMENTS = YES;
				CLANG_WARN_EMPTY_BODY = YES;
				CLANG_WARN_ENUM_CONVERSION = YES;
				CLANG_WARN_INFINITE_RECURSION = YES;
				CLANG_WARN_INT_CONVERSION = YES;
				CLANG_WARN_NON_LITERAL_NULL_CONVERSION = YES;
				CLANG_WARN_OBJC_IMPLICIT_RETAIN_SELF = YES;
				CLANG_WARN_OBJC_LITERAL_CONVERSION = YES;
				CLANG_WARN_OBJC_ROOT_CLASS = YES_ERROR;
				CLANG_WARN_RANGE_LOOP_ANALYSIS = YES;
				CLANG_WARN_STRICT_PROTOTYPES = YES;
				CLANG_WARN_SUSPICIOUS_MOVE = YES;
				CLANG_WARN_UNGUARDED_AVAILABILITY = YES_AGGRESSIVE;
				CLANG_WARN_UNREACHABLE_CODE = YES;
				CLANG_WARN__DUPLICATE_METHOD_MATCH = YES;
				CODE_SIGN_IDENTITY = "iPhone Developer";
				COPY_PHASE_STRIP = NO;
				DEBUG_INFORMATION_FORMAT = dwarf;
				ENABLE_STRICT_OBJC_MSGSEND = YES;
				ENABLE_TESTABILITY = YES;
				GCC_C_LANGUAGE_STANDARD = gnu11;
				GCC_DYNAMIC_NO_PIC = NO;
				GCC_NO_COMMON_BLOCKS = YES;
				GCC_OPTIMIZATION_LEVEL = 0;
				GCC_PREPROCESSOR_DEFINITIONS = (
					"DEBUG=1",
					"$(inherited)",
				);
				GCC_WARN_64_TO_32_BIT_CONVERSION = YES;
				GCC_WARN_ABOUT_RETURN_TYPE = YES_ERROR;
				GCC_WARN_UNDECLARED_SELECTOR = YES;
				GCC_WARN_UNINITIALIZED_AUTOS = YES_AGGRESSIVE;
				GCC_WARN_UNUSED_FUNCTION = YES;
				GCC_WARN_UNUSED_VARIABLE = YES;
				IPHONEOS_DEPLOYMENT_TARGET = 12.2;
				MTL_ENABLE_DEBUG_INFO = INCLUDE_SOURCE;
				MTL_FAST_MATH = YES;
				ONLY_ACTIVE_ARCH = YES;
				SDKROOT = iphoneos;
				SWIFT_ACTIVE_COMPILATION_CONDITIONS = DEBUG;
				SWIFT_OPTIMIZATION_LEVEL = "-Onone";
			};
			name = Debug;
		};
		4C0A96A023153120008C884F /* Release */ = {
			isa = XCBuildConfiguration;
			buildSettings = {
				ALWAYS_SEARCH_USER_PATHS = NO;
				CLANG_ANALYZER_NONNULL = YES;
				CLANG_ANALYZER_NUMBER_OBJECT_CONVERSION = YES_AGGRESSIVE;
				CLANG_CXX_LANGUAGE_STANDARD = "gnu++14";
				CLANG_CXX_LIBRARY = "libc++";
				CLANG_ENABLE_MODULES = YES;
				CLANG_ENABLE_OBJC_ARC = YES;
				CLANG_ENABLE_OBJC_WEAK = YES;
				CLANG_WARN_BLOCK_CAPTURE_AUTORELEASING = YES;
				CLANG_WARN_BOOL_CONVERSION = YES;
				CLANG_WARN_COMMA = YES;
				CLANG_WARN_CONSTANT_CONVERSION = YES;
				CLANG_WARN_DEPRECATED_OBJC_IMPLEMENTATIONS = YES;
				CLANG_WARN_DIRECT_OBJC_ISA_USAGE = YES_ERROR;
				CLANG_WARN_DOCUMENTATION_COMMENTS = YES;
				CLANG_WARN_EMPTY_BODY = YES;
				CLANG_WARN_ENUM_CONVERSION = YES;
				CLANG_WARN_INFINITE_RECURSION = YES;
				CLANG_WARN_INT_CONVERSION = YES;
				CLANG_WARN_NON_LITERAL_NULL_CONVERSION = YES;
				CLANG_WARN_OBJC_IMPLICIT_RETAIN_SELF = YES;
				CLANG_WARN_OBJC_LITERAL_CONVERSION = YES;
				CLANG_WARN_OBJC_ROOT_CLASS = YES_ERROR;
				CLANG_WARN_RANGE_LOOP_ANALYSIS = YES;
				CLANG_WARN_STRICT_PROTOTYPES = YES;
				CLANG_WARN_SUSPICIOUS_MOVE = YES;
				CLANG_WARN_UNGUARDED_AVAILABILITY = YES_AGGRESSIVE;
				CLANG_WARN_UNREACHABLE_CODE = YES;
				CLANG_WARN__DUPLICATE_METHOD_MATCH = YES;
				CODE_SIGN_IDENTITY = "iPhone Developer";
				COPY_PHASE_STRIP = NO;
				DEBUG_INFORMATION_FORMAT = "dwarf-with-dsym";
				ENABLE_NS_ASSERTIONS = NO;
				ENABLE_STRICT_OBJC_MSGSEND = YES;
				GCC_C_LANGUAGE_STANDARD = gnu11;
				GCC_NO_COMMON_BLOCKS = YES;
				GCC_WARN_64_TO_32_BIT_CONVERSION = YES;
				GCC_WARN_ABOUT_RETURN_TYPE = YES_ERROR;
				GCC_WARN_UNDECLARED_SELECTOR = YES;
				GCC_WARN_UNINITIALIZED_AUTOS = YES_AGGRESSIVE;
				GCC_WARN_UNUSED_FUNCTION = YES;
				GCC_WARN_UNUSED_VARIABLE = YES;
				IPHONEOS_DEPLOYMENT_TARGET = 12.2;
				MTL_ENABLE_DEBUG_INFO = NO;
				MTL_FAST_MATH = YES;
				SDKROOT = iphoneos;
				SWIFT_COMPILATION_MODE = wholemodule;
				SWIFT_OPTIMIZATION_LEVEL = "-O";
				VALIDATE_PRODUCT = YES;
			};
			name = Release;
		};
		4C0A96A223153120008C884F /* Debug */ = {
			isa = XCBuildConfiguration;
			buildSettings = {
				ASSETCATALOG_COMPILER_APPICON_NAME = AppIcon;
				CODE_SIGN_STYLE = Automatic;
				DEVELOPMENT_TEAM = XVS48J5583;
				INFOPLIST_FILE = LoggingApp/Info.plist;
				LD_RUNPATH_SEARCH_PATHS = (
					"$(inherited)",
					"@executable_path/Frameworks",
				);
				PRODUCT_BUNDLE_IDENTIFIER = com.zoranadjordjevic.LoggingApp;
				PRODUCT_NAME = "$(TARGET_NAME)";
				SWIFT_VERSION = 5.0;
				TARGETED_DEVICE_FAMILY = "1,2";
			};
			name = Debug;
		};
		4C0A96A323153120008C884F /* Release */ = {
			isa = XCBuildConfiguration;
			buildSettings = {
				ASSETCATALOG_COMPILER_APPICON_NAME = AppIcon;
				CODE_SIGN_STYLE = Automatic;
				DEVELOPMENT_TEAM = XVS48J5583;
				INFOPLIST_FILE = LoggingApp/Info.plist;
				LD_RUNPATH_SEARCH_PATHS = (
					"$(inherited)",
					"@executable_path/Frameworks",
				);
				PRODUCT_BUNDLE_IDENTIFIER = com.zoranadjordjevic.LoggingApp;
				PRODUCT_NAME = "$(TARGET_NAME)";
				SWIFT_VERSION = 5.0;
				TARGETED_DEVICE_FAMILY = "1,2";
			};
			name = Release;
		};
		4C0A96A523153120008C884F /* Debug */ = {
			isa = XCBuildConfiguration;
			buildSettings = {
				ALWAYS_EMBED_SWIFT_STANDARD_LIBRARIES = YES;
				BUNDLE_LOADER = "$(TEST_HOST)";
				CODE_SIGN_STYLE = Automatic;
				DEVELOPMENT_TEAM = XVS48J5583;
				INFOPLIST_FILE = LoggingAppTests/Info.plist;
				LD_RUNPATH_SEARCH_PATHS = (
					"$(inherited)",
					"@executable_path/Frameworks",
					"@loader_path/Frameworks",
				);
				PRODUCT_BUNDLE_IDENTIFIER = com.zoranadjordjevic.LoggingAppTests;
				PRODUCT_NAME = "$(TARGET_NAME)";
				SWIFT_VERSION = 5.0;
				TARGETED_DEVICE_FAMILY = "1,2";
				TEST_HOST = "$(BUILT_PRODUCTS_DIR)/LoggingApp.app/LoggingApp";
			};
			name = Debug;
		};
		4C0A96A623153120008C884F /* Release */ = {
			isa = XCBuildConfiguration;
			buildSettings = {
				ALWAYS_EMBED_SWIFT_STANDARD_LIBRARIES = YES;
				BUNDLE_LOADER = "$(TEST_HOST)";
				CODE_SIGN_STYLE = Automatic;
				DEVELOPMENT_TEAM = XVS48J5583;
				INFOPLIST_FILE = LoggingAppTests/Info.plist;
				LD_RUNPATH_SEARCH_PATHS = (
					"$(inherited)",
					"@executable_path/Frameworks",
					"@loader_path/Frameworks",
				);
				PRODUCT_BUNDLE_IDENTIFIER = com.zoranadjordjevic.LoggingAppTests;
				PRODUCT_NAME = "$(TARGET_NAME)";
				SWIFT_VERSION = 5.0;
				TARGETED_DEVICE_FAMILY = "1,2";
				TEST_HOST = "$(BUILT_PRODUCTS_DIR)/LoggingApp.app/LoggingApp";
			};
			name = Release;
		};
		4C0A96A823153120008C884F /* Debug */ = {
			isa = XCBuildConfiguration;
			buildSettings = {
				ALWAYS_EMBED_SWIFT_STANDARD_LIBRARIES = YES;
				CODE_SIGN_STYLE = Automatic;
				DEVELOPMENT_TEAM = XVS48J5583;
				INFOPLIST_FILE = LoggingAppUITests/Info.plist;
				LD_RUNPATH_SEARCH_PATHS = (
					"$(inherited)",
					"@executable_path/Frameworks",
					"@loader_path/Frameworks",
				);
				PRODUCT_BUNDLE_IDENTIFIER = com.zoranadjordjevic.LoggingAppUITests;
				PRODUCT_NAME = "$(TARGET_NAME)";
				SWIFT_VERSION = 5.0;
				TARGETED_DEVICE_FAMILY = "1,2";
				TEST_TARGET_NAME = LoggingApp;
			};
			name = Debug;
		};
		4C0A96A923153120008C884F /* Release */ = {
			isa = XCBuildConfiguration;
			buildSettings = {
				ALWAYS_EMBED_SWIFT_STANDARD_LIBRARIES = YES;
				CODE_SIGN_STYLE = Automatic;
				DEVELOPMENT_TEAM = XVS48J5583;
				INFOPLIST_FILE = LoggingAppUITests/Info.plist;
				LD_RUNPATH_SEARCH_PATHS = (
					"$(inherited)",
					"@executable_path/Frameworks",
					"@loader_path/Frameworks",
				);
				PRODUCT_BUNDLE_IDENTIFIER = com.zoranadjordjevic.LoggingAppUITests;
				PRODUCT_NAME = "$(TARGET_NAME)";
				SWIFT_VERSION = 5.0;
				TARGETED_DEVICE_FAMILY = "1,2";
				TEST_TARGET_NAME = LoggingApp;
			};
			name = Release;
		};
/* End XCBuildConfiguration section */

/* Begin XCConfigurationList section */
		4C0A96712315311E008C884F /* Build configuration list for PBXProject "LoggingApp" */ = {
			isa = XCConfigurationList;
			buildConfigurations = (
				4C0A969F23153120008C884F /* Debug */,
				4C0A96A023153120008C884F /* Release */,
			);
			defaultConfigurationIsVisible = 0;
			defaultConfigurationName = Release;
		};
		4C0A96A123153120008C884F /* Build configuration list for PBXNativeTarget "LoggingApp" */ = {
			isa = XCConfigurationList;
			buildConfigurations = (
				4C0A96A223153120008C884F /* Debug */,
				4C0A96A323153120008C884F /* Release */,
			);
			defaultConfigurationIsVisible = 0;
			defaultConfigurationName = Release;
		};
		4C0A96A423153120008C884F /* Build configuration list for PBXNativeTarget "LoggingAppTests" */ = {
			isa = XCConfigurationList;
			buildConfigurations = (
				4C0A96A523153120008C884F /* Debug */,
				4C0A96A623153120008C884F /* Release */,
			);
			defaultConfigurationIsVisible = 0;
			defaultConfigurationName = Release;
		};
		4C0A96A723153120008C884F /* Build configuration list for PBXNativeTarget "LoggingAppUITests" */ = {
			isa = XCConfigurationList;
			buildConfigurations = (
				4C0A96A823153120008C884F /* Debug */,
				4C0A96A923153120008C884F /* Release */,
			);
			defaultConfigurationIsVisible = 0;
			defaultConfigurationName = Release;
		};
/* End XCConfigurationList section */

/* Begin XCVersionGroup section */
		4C0A96802315311E008C884F /* LoggingApp.xcdatamodeld */ = {
			isa = XCVersionGroup;
			children = (
				4C0A96812315311E008C884F /* LoggingApp.xcdatamodel */,
			);
			currentVersion = 4C0A96812315311E008C884F /* LoggingApp.xcdatamodel */;
			path = LoggingApp.xcdatamodeld;
			sourceTree = "<group>";
			versionGroupType = wrapper.xcdatamodel;
		};
/* End XCVersionGroup section */
	};
	rootObject = 4C0A966E2315311E008C884F /* Project object */;
}
